// !$*UTF8*$!
{
	archiveVersion = 1;
	classes = {
	};
	objectVersion = 56;
	objects = {

/* Begin PBXBuildFile section */
		0F1378F82968A3F400FE70E7 /* FirebaseAuth in Frameworks */ = {isa = PBXBuildFile; productRef = 0F1378F72968A3F400FE70E7 /* FirebaseAuth */; };
		0F1378FA2968A3F400FE70E7 /* FirebaseDatabase in Frameworks */ = {isa = PBXBuildFile; productRef = 0F1378F92968A3F400FE70E7 /* FirebaseDatabase */; };
		0F1378FC2968A3F400FE70E7 /* FirebaseFirestore in Frameworks */ = {isa = PBXBuildFile; productRef = 0F1378FB2968A3F400FE70E7 /* FirebaseFirestore */; };
		0F1378FE2968A3F400FE70E7 /* FirebaseStorage in Frameworks */ = {isa = PBXBuildFile; productRef = 0F1378FD2968A3F400FE70E7 /* FirebaseStorage */; };
		0F1FF6E7294CE526009CB2B1 /* UserStateViewModel.swift in Sources */ = {isa = PBXBuildFile; fileRef = 0F1FF6E6294CE526009CB2B1 /* UserStateViewModel.swift */; };
		0F1FF70E29562BF2009CB2B1 /* BackgroundView.swift in Sources */ = {isa = PBXBuildFile; fileRef = 0F1FF70D29562BF2009CB2B1 /* BackgroundView.swift */; };
		0F1FF71229571123009CB2B1 /* PlaceholderStyle.swift in Sources */ = {isa = PBXBuildFile; fileRef = 0F1FF71129571123009CB2B1 /* PlaceholderStyle.swift */; };
		0F38FEA2296B292500A89633 /* Pods_Messenger.framework in Frameworks */ = {isa = PBXBuildFile; fileRef = CC34962FCCFC20D82238163E /* Pods_Messenger.framework */; };
		0F38FEA3296B292500A89633 /* Pods_Messenger.framework in Embed Frameworks */ = {isa = PBXBuildFile; fileRef = CC34962FCCFC20D82238163E /* Pods_Messenger.framework */; settings = {ATTRIBUTES = (CodeSignOnCopy, RemoveHeadersOnCopy, ); }; };
		0F38FEAB296C7DA600A89633 /* Page.swift in Sources */ = {isa = PBXBuildFile; fileRef = 0F38FEAA296C7DA600A89633 /* Page.swift */; };
		0F38FEAD296C81D800A89633 /* StorePages.swift in Sources */ = {isa = PBXBuildFile; fileRef = 0F38FEAC296C81D800A89633 /* StorePages.swift */; };
		0F38FEAF296C82C500A89633 /* PageListView.swift in Sources */ = {isa = PBXBuildFile; fileRef = 0F38FEAE296C82C500A89633 /* PageListView.swift */; };
		0F38FEB1296C82FC00A89633 /* PageView.swift in Sources */ = {isa = PBXBuildFile; fileRef = 0F38FEB0296C82FC00A89633 /* PageView.swift */; };
		0F5018482974701B00B4F424 /* FireImageModel.swift in Sources */ = {isa = PBXBuildFile; fileRef = 0F5018472974701B00B4F424 /* FireImageModel.swift */; };
		0F50184B29748CCC00B4F424 /* ImageViewer in Frameworks */ = {isa = PBXBuildFile; productRef = 0F50184A29748CCC00B4F424 /* ImageViewer */; };
		0F691140296878AD00974BEF /* HomePage2.swift in Sources */ = {isa = PBXBuildFile; fileRef = 0F69113F296878AD00974BEF /* HomePage2.swift */; };
		0F69114229687C3A00974BEF /* AddPageView.swift in Sources */ = {isa = PBXBuildFile; fileRef = 0F69114129687C3A00974BEF /* AddPageView.swift */; };
		0FAEE59229031AC000B3CBED /* MessengerApp.swift in Sources */ = {isa = PBXBuildFile; fileRef = 0FAEE59129031AC000B3CBED /* MessengerApp.swift */; };
		0FAEE59629031AC000B3CBED /* Assets.xcassets in Resources */ = {isa = PBXBuildFile; fileRef = 0FAEE59529031AC000B3CBED /* Assets.xcassets */; };
		0FAEE59929031AC000B3CBED /* Preview Assets.xcassets in Resources */ = {isa = PBXBuildFile; fileRef = 0FAEE59829031AC000B3CBED /* Preview Assets.xcassets */; };
		0FAEE5A029031C6E00B3CBED /* GoogleService-Info.plist in Resources */ = {isa = PBXBuildFile; fileRef = 0FAEE59F29031C6E00B3CBED /* GoogleService-Info.plist */; };
		0FAEE5AA29031DE300B3CBED /* bonefire.gif in Resources */ = {isa = PBXBuildFile; fileRef = 0FAEE5A529031DE300B3CBED /* bonefire.gif */; };
		0FAEE5B02903218500B3CBED /* LoginScreen.swift in Sources */ = {isa = PBXBuildFile; fileRef = 0FAEE5AF2903218500B3CBED /* LoginScreen.swift */; };
		0FAEE5B22903419900B3CBED /* SignUpView.swift in Sources */ = {isa = PBXBuildFile; fileRef = 0FAEE5B12903419800B3CBED /* SignUpView.swift */; };
		0FAEE5B8290346ED00B3CBED /* LoginUserView.swift in Sources */ = {isa = PBXBuildFile; fileRef = 0FAEE5B7290346ED00B3CBED /* LoginUserView.swift */; };
		0FAEE5BA2903648C00B3CBED /* HomePage.swift in Sources */ = {isa = PBXBuildFile; fileRef = 0FAEE5B92903648C00B3CBED /* HomePage.swift */; };
		0FF8C81F2965D95300ED69D3 /* HapticManager.swift in Sources */ = {isa = PBXBuildFile; fileRef = 0FF8C81E2965D95300ED69D3 /* HapticManager.swift */; };
		0FF8C8232965F99B00ED69D3 /* GridImageVIew.swift in Sources */ = {isa = PBXBuildFile; fileRef = 0FF8C8222965F99B00ED69D3 /* GridImageVIew.swift */; };
		0FF8C8772967326900ED69D3 /* ImagePicker.swift in Sources */ = {isa = PBXBuildFile; fileRef = 0FF8C8762967326900ED69D3 /* ImagePicker.swift */; };
/* End PBXBuildFile section */

/* Begin PBXCopyFilesBuildPhase section */
		0F38FEA4296B292500A89633 /* Embed Frameworks */ = {
			isa = PBXCopyFilesBuildPhase;
			buildActionMask = 2147483647;
			dstPath = "";
			dstSubfolderSpec = 10;
			files = (
				0F38FEA3296B292500A89633 /* Pods_Messenger.framework in Embed Frameworks */,
			);
			name = "Embed Frameworks";
			runOnlyForDeploymentPostprocessing = 0;
		};
/* End PBXCopyFilesBuildPhase section */

/* Begin PBXFileReference section */
		07379E65E740C3AC7FA3D44A /* Pods-Messenger.debug.xcconfig */ = {isa = PBXFileReference; includeInIndex = 1; lastKnownFileType = text.xcconfig; name = "Pods-Messenger.debug.xcconfig"; path = "Target Support Files/Pods-Messenger/Pods-Messenger.debug.xcconfig"; sourceTree = "<group>"; };
		0F1FF6E6294CE526009CB2B1 /* UserStateViewModel.swift */ = {isa = PBXFileReference; lastKnownFileType = sourcecode.swift; path = UserStateViewModel.swift; sourceTree = "<group>"; };
		0F1FF70D29562BF2009CB2B1 /* BackgroundView.swift */ = {isa = PBXFileReference; lastKnownFileType = sourcecode.swift; path = BackgroundView.swift; sourceTree = "<group>"; };
		0F1FF71129571123009CB2B1 /* PlaceholderStyle.swift */ = {isa = PBXFileReference; lastKnownFileType = sourcecode.swift; path = PlaceholderStyle.swift; sourceTree = "<group>"; };
		0F1FF71729575EA6009CB2B1 /* Info.plist */ = {isa = PBXFileReference; lastKnownFileType = text.plist; path = Info.plist; sourceTree = "<group>"; };
		0F38FEA5296B294F00A89633 /* SDWebImageSwiftUI.framework */ = {isa = PBXFileReference; explicitFileType = wrapper.framework; path = SDWebImageSwiftUI.framework; sourceTree = BUILT_PRODUCTS_DIR; };
		0F38FEAA296C7DA600A89633 /* Page.swift */ = {isa = PBXFileReference; lastKnownFileType = sourcecode.swift; path = Page.swift; sourceTree = "<group>"; };
		0F38FEAC296C81D800A89633 /* StorePages.swift */ = {isa = PBXFileReference; lastKnownFileType = sourcecode.swift; path = StorePages.swift; sourceTree = "<group>"; };
		0F38FEAE296C82C500A89633 /* PageListView.swift */ = {isa = PBXFileReference; lastKnownFileType = sourcecode.swift; path = PageListView.swift; sourceTree = "<group>"; };
		0F38FEB0296C82FC00A89633 /* PageView.swift */ = {isa = PBXFileReference; lastKnownFileType = sourcecode.swift; path = PageView.swift; sourceTree = "<group>"; };
		0F5018472974701B00B4F424 /* FireImageModel.swift */ = {isa = PBXFileReference; lastKnownFileType = sourcecode.swift; path = FireImageModel.swift; sourceTree = "<group>"; };
		0F69113F296878AD00974BEF /* HomePage2.swift */ = {isa = PBXFileReference; lastKnownFileType = sourcecode.swift; path = HomePage2.swift; sourceTree = "<group>"; };
		0F69114129687C3A00974BEF /* AddPageView.swift */ = {isa = PBXFileReference; lastKnownFileType = sourcecode.swift; path = AddPageView.swift; sourceTree = "<group>"; };
		0FAEE58E29031AC000B3CBED /* Messenger.app */ = {isa = PBXFileReference; explicitFileType = wrapper.application; includeInIndex = 0; path = Messenger.app; sourceTree = BUILT_PRODUCTS_DIR; };
		0FAEE59129031AC000B3CBED /* MessengerApp.swift */ = {isa = PBXFileReference; lastKnownFileType = sourcecode.swift; path = MessengerApp.swift; sourceTree = "<group>"; };
		0FAEE59529031AC000B3CBED /* Assets.xcassets */ = {isa = PBXFileReference; lastKnownFileType = folder.assetcatalog; path = Assets.xcassets; sourceTree = "<group>"; };
		0FAEE59829031AC000B3CBED /* Preview Assets.xcassets */ = {isa = PBXFileReference; lastKnownFileType = folder.assetcatalog; path = "Preview Assets.xcassets"; sourceTree = "<group>"; };
		0FAEE59F29031C6E00B3CBED /* GoogleService-Info.plist */ = {isa = PBXFileReference; fileEncoding = 4; lastKnownFileType = text.plist.xml; path = "GoogleService-Info.plist"; sourceTree = "<group>"; };
		0FAEE5A529031DE300B3CBED /* bonefire.gif */ = {isa = PBXFileReference; lastKnownFileType = image.gif; path = bonefire.gif; sourceTree = "<group>"; };
		0FAEE5AF2903218500B3CBED /* LoginScreen.swift */ = {isa = PBXFileReference; lastKnownFileType = sourcecode.swift; path = LoginScreen.swift; sourceTree = "<group>"; };
		0FAEE5B12903419800B3CBED /* SignUpView.swift */ = {isa = PBXFileReference; lastKnownFileType = sourcecode.swift; path = SignUpView.swift; sourceTree = "<group>"; };
		0FAEE5B7290346ED00B3CBED /* LoginUserView.swift */ = {isa = PBXFileReference; lastKnownFileType = sourcecode.swift; path = LoginUserView.swift; sourceTree = "<group>"; };
		0FAEE5B92903648C00B3CBED /* HomePage.swift */ = {isa = PBXFileReference; lastKnownFileType = sourcecode.swift; path = HomePage.swift; sourceTree = "<group>"; };
		0FF8C81E2965D95300ED69D3 /* HapticManager.swift */ = {isa = PBXFileReference; lastKnownFileType = sourcecode.swift; path = HapticManager.swift; sourceTree = "<group>"; };
		0FF8C8222965F99B00ED69D3 /* GridImageVIew.swift */ = {isa = PBXFileReference; lastKnownFileType = sourcecode.swift; path = GridImageVIew.swift; sourceTree = "<group>"; };
		0FF8C8762967326900ED69D3 /* ImagePicker.swift */ = {isa = PBXFileReference; lastKnownFileType = sourcecode.swift; path = ImagePicker.swift; sourceTree = "<group>"; };
		CC34962FCCFC20D82238163E /* Pods_Messenger.framework */ = {isa = PBXFileReference; explicitFileType = wrapper.framework; includeInIndex = 0; path = Pods_Messenger.framework; sourceTree = BUILT_PRODUCTS_DIR; };
		E58A04C2B247115CEDE4B489 /* Pods-Messenger.release.xcconfig */ = {isa = PBXFileReference; includeInIndex = 1; lastKnownFileType = text.xcconfig; name = "Pods-Messenger.release.xcconfig"; path = "Target Support Files/Pods-Messenger/Pods-Messenger.release.xcconfig"; sourceTree = "<group>"; };
/* End PBXFileReference section */

/* Begin PBXFrameworksBuildPhase section */
		0FAEE58B29031AC000B3CBED /* Frameworks */ = {
			isa = PBXFrameworksBuildPhase;
			buildActionMask = 2147483647;
			files = (
				0F1378FA2968A3F400FE70E7 /* FirebaseDatabase in Frameworks */,
				0F1378FC2968A3F400FE70E7 /* FirebaseFirestore in Frameworks */,
				0F38FEA2296B292500A89633 /* Pods_Messenger.framework in Frameworks */,
				0F1378FE2968A3F400FE70E7 /* FirebaseStorage in Frameworks */,
				0F50184B29748CCC00B4F424 /* ImageViewer in Frameworks */,
				0F1378F82968A3F400FE70E7 /* FirebaseAuth in Frameworks */,
			);
			runOnlyForDeploymentPostprocessing = 0;
		};
/* End PBXFrameworksBuildPhase section */

/* Begin PBXGroup section */
		0FAEE58529031AC000B3CBED = {
			isa = PBXGroup;
			children = (
				0FAEE59029031AC000B3CBED /* Messenger */,
				0FAEE58F29031AC000B3CBED /* Products */,
				71ABF756ADC34139524E87EA /* Pods */,
				61792A9C1C86D956B9B20352 /* Frameworks */,
			);
			sourceTree = "<group>";
		};
		0FAEE58F29031AC000B3CBED /* Products */ = {
			isa = PBXGroup;
			children = (
				0FAEE58E29031AC000B3CBED /* Messenger.app */,
			);
			name = Products;
			sourceTree = "<group>";
		};
		0FAEE59029031AC000B3CBED /* Messenger */ = {
			isa = PBXGroup;
			children = (
				0FAEE59129031AC000B3CBED /* MessengerApp.swift */,
				0FE41563297AEBB80005C272 /* Model */,
				0FE41562297AEB840005C272 /* ViewModel */,
				0FE41561297AEB470005C272 /* View */,
				0FE41564297AEBD20005C272 /* TestFeatures */,
				0FAEE59F29031C6E00B3CBED /* GoogleService-Info.plist */,
				0FAEE59529031AC000B3CBED /* Assets.xcassets */,
				0FAEE5A529031DE300B3CBED /* bonefire.gif */,
				0F1FF71729575EA6009CB2B1 /* Info.plist */,
				0FAEE59729031AC000B3CBED /* Preview Content */,
			);
			path = Messenger;
			sourceTree = "<group>";
		};
		0FAEE59729031AC000B3CBED /* Preview Content */ = {
			isa = PBXGroup;
			children = (
				0FAEE59829031AC000B3CBED /* Preview Assets.xcassets */,
			);
			path = "Preview Content";
			sourceTree = "<group>";
		};
		0FE41561297AEB470005C272 /* View */ = {
			isa = PBXGroup;
			children = (
				0FAEE5B92903648C00B3CBED /* HomePage.swift */,
				0FAEE5B7290346ED00B3CBED /* LoginUserView.swift */,
				0FAEE5AF2903218500B3CBED /* LoginScreen.swift */,
				0FAEE5B12903419800B3CBED /* SignUpView.swift */,
				0FF8C8222965F99B00ED69D3 /* GridImageVIew.swift */,
				0F1FF70D29562BF2009CB2B1 /* BackgroundView.swift */,
			);
			path = View;
			sourceTree = "<group>";
		};
		0FE41562297AEB840005C272 /* ViewModel */ = {
			isa = PBXGroup;
			children = (
				0F1FF6E6294CE526009CB2B1 /* UserStateViewModel.swift */,
				0F5018472974701B00B4F424 /* FireImageModel.swift */,
			);
			path = ViewModel;
			sourceTree = "<group>";
		};
		0FE41563297AEBB80005C272 /* Model */ = {
			isa = PBXGroup;
			children = (
				0FF8C81E2965D95300ED69D3 /* HapticManager.swift */,
				0FF8C8762967326900ED69D3 /* ImagePicker.swift */,
				0F1FF71129571123009CB2B1 /* PlaceholderStyle.swift */,
			);
			path = Model;
			sourceTree = "<group>";
		};
		0FE41564297AEBD20005C272 /* TestFeatures */ = {
			isa = PBXGroup;
			children = (
				0F38FEAA296C7DA600A89633 /* Page.swift */,
				0F69114129687C3A00974BEF /* AddPageView.swift */,
				0F38FEAC296C81D800A89633 /* StorePages.swift */,
				0F38FEB0296C82FC00A89633 /* PageView.swift */,
				0F38FEAE296C82C500A89633 /* PageListView.swift */,
				0F69113F296878AD00974BEF /* HomePage2.swift */,
			);
			path = TestFeatures;
			sourceTree = "<group>";
		};
		61792A9C1C86D956B9B20352 /* Frameworks */ = {
			isa = PBXGroup;
			children = (
				0F38FEA5296B294F00A89633 /* SDWebImageSwiftUI.framework */,
				CC34962FCCFC20D82238163E /* Pods_Messenger.framework */,
			);
			name = Frameworks;
			sourceTree = "<group>";
		};
		71ABF756ADC34139524E87EA /* Pods */ = {
			isa = PBXGroup;
			children = (
				07379E65E740C3AC7FA3D44A /* Pods-Messenger.debug.xcconfig */,
				E58A04C2B247115CEDE4B489 /* Pods-Messenger.release.xcconfig */,
			);
			path = Pods;
			sourceTree = "<group>";
		};
/* End PBXGroup section */

/* Begin PBXNativeTarget section */
		0FAEE58D29031AC000B3CBED /* Messenger */ = {
			isa = PBXNativeTarget;
			buildConfigurationList = 0FAEE59C29031AC000B3CBED /* Build configuration list for PBXNativeTarget "Messenger" */;
			buildPhases = (
				85B4A47F88A6E6A79B51FBF1 /* [CP] Check Pods Manifest.lock */,
				0FAEE58A29031AC000B3CBED /* Sources */,
				0FAEE58B29031AC000B3CBED /* Frameworks */,
				0FAEE58C29031AC000B3CBED /* Resources */,
				1EC47F7E942BA80F3A62FC0E /* [CP] Embed Pods Frameworks */,
				0F38FEA4296B292500A89633 /* Embed Frameworks */,
			);
			buildRules = (
			);
			dependencies = (
			);
			name = Messenger;
			packageProductDependencies = (
				0F1378F72968A3F400FE70E7 /* FirebaseAuth */,
				0F1378F92968A3F400FE70E7 /* FirebaseDatabase */,
				0F1378FB2968A3F400FE70E7 /* FirebaseFirestore */,
				0F1378FD2968A3F400FE70E7 /* FirebaseStorage */,
				0F50184A29748CCC00B4F424 /* ImageViewer */,
			);
			productName = Messenger;
			productReference = 0FAEE58E29031AC000B3CBED /* Messenger.app */;
			productType = "com.apple.product-type.application";
		};
/* End PBXNativeTarget section */

/* Begin PBXProject section */
		0FAEE58629031AC000B3CBED /* Project object */ = {
			isa = PBXProject;
			attributes = {
				BuildIndependentTargetsInParallel = 1;
				LastSwiftUpdateCheck = 1400;
				LastUpgradeCheck = 1400;
				TargetAttributes = {
					0FAEE58D29031AC000B3CBED = {
						CreatedOnToolsVersion = 14.0.1;
					};
				};
			};
			buildConfigurationList = 0FAEE58929031AC000B3CBED /* Build configuration list for PBXProject "Messenger" */;
			compatibilityVersion = "Xcode 14.0";
			developmentRegion = en;
			hasScannedForEncodings = 0;
			knownRegions = (
				en,
				Base,
			);
			mainGroup = 0FAEE58529031AC000B3CBED;
			packageReferences = (
				0F1378F62968A3F400FE70E7 /* XCRemoteSwiftPackageReference "firebase-ios-sdk" */,
				0F50184929748CCC00B4F424 /* XCRemoteSwiftPackageReference "swiftui-image-viewer" */,
			);
			productRefGroup = 0FAEE58F29031AC000B3CBED /* Products */;
			projectDirPath = "";
			projectRoot = "";
			targets = (
				0FAEE58D29031AC000B3CBED /* Messenger */,
			);
		};
/* End PBXProject section */

/* Begin PBXResourcesBuildPhase section */
		0FAEE58C29031AC000B3CBED /* Resources */ = {
			isa = PBXResourcesBuildPhase;
			buildActionMask = 2147483647;
			files = (
				0FAEE59929031AC000B3CBED /* Preview Assets.xcassets in Resources */,
				0FAEE5AA29031DE300B3CBED /* bonefire.gif in Resources */,
				0FAEE59629031AC000B3CBED /* Assets.xcassets in Resources */,
				0FAEE5A029031C6E00B3CBED /* GoogleService-Info.plist in Resources */,
			);
			runOnlyForDeploymentPostprocessing = 0;
		};
/* End PBXResourcesBuildPhase section */

/* Begin PBXShellScriptBuildPhase section */
		1EC47F7E942BA80F3A62FC0E /* [CP] Embed Pods Frameworks */ = {
			isa = PBXShellScriptBuildPhase;
			buildActionMask = 2147483647;
			files = (
			);
			inputFileListPaths = (
				"${PODS_ROOT}/Target Support Files/Pods-Messenger/Pods-Messenger-frameworks-${CONFIGURATION}-input-files.xcfilelist",
			);
			name = "[CP] Embed Pods Frameworks";
			outputFileListPaths = (
				"${PODS_ROOT}/Target Support Files/Pods-Messenger/Pods-Messenger-frameworks-${CONFIGURATION}-output-files.xcfilelist",
			);
			runOnlyForDeploymentPostprocessing = 0;
			shellPath = /bin/sh;
			shellScript = "\"${PODS_ROOT}/Target Support Files/Pods-Messenger/Pods-Messenger-frameworks.sh\"\n";
			showEnvVarsInLog = 0;
		};
		85B4A47F88A6E6A79B51FBF1 /* [CP] Check Pods Manifest.lock */ = {
			isa = PBXShellScriptBuildPhase;
			buildActionMask = 2147483647;
			files = (
			);
			inputFileListPaths = (
			);
			inputPaths = (
				"${PODS_PODFILE_DIR_PATH}/Podfile.lock",
				"${PODS_ROOT}/Manifest.lock",
			);
			name = "[CP] Check Pods Manifest.lock";
			outputFileListPaths = (
			);
			outputPaths = (
				"$(DERIVED_FILE_DIR)/Pods-Messenger-checkManifestLockResult.txt",
			);
			runOnlyForDeploymentPostprocessing = 0;
			shellPath = /bin/sh;
			shellScript = "diff \"${PODS_PODFILE_DIR_PATH}/Podfile.lock\" \"${PODS_ROOT}/Manifest.lock\" > /dev/null\nif [ $? != 0 ] ; then\n    # print error to STDERR\n    echo \"error: The sandbox is not in sync with the Podfile.lock. Run 'pod install' or update your CocoaPods installation.\" >&2\n    exit 1\nfi\n# This output is used by Xcode 'outputs' to avoid re-running this script phase.\necho \"SUCCESS\" > \"${SCRIPT_OUTPUT_FILE_0}\"\n";
			showEnvVarsInLog = 0;
		};
/* End PBXShellScriptBuildPhase section */

/* Begin PBXSourcesBuildPhase section */
		0FAEE58A29031AC000B3CBED /* Sources */ = {
			isa = PBXSourcesBuildPhase;
			buildActionMask = 2147483647;
			files = (
				0F38FEAD296C81D800A89633 /* StorePages.swift in Sources */,
				0FF8C8772967326900ED69D3 /* ImagePicker.swift in Sources */,
				0FF8C81F2965D95300ED69D3 /* HapticManager.swift in Sources */,
				0F38FEAF296C82C500A89633 /* PageListView.swift in Sources */,
				0F38FEAB296C7DA600A89633 /* Page.swift in Sources */,
				0FAEE5B22903419900B3CBED /* SignUpView.swift in Sources */,
				0FF8C8232965F99B00ED69D3 /* GridImageVIew.swift in Sources */,
				0F38FEB1296C82FC00A89633 /* PageView.swift in Sources */,
				0F691140296878AD00974BEF /* HomePage2.swift in Sources */,
				0FAEE5BA2903648C00B3CBED /* HomePage.swift in Sources */,
				0FAEE5B8290346ED00B3CBED /* LoginUserView.swift in Sources */,
				0F69114229687C3A00974BEF /* AddPageView.swift in Sources */,
				0F1FF70E29562BF2009CB2B1 /* BackgroundView.swift in Sources */,
				0F1FF6E7294CE526009CB2B1 /* UserStateViewModel.swift in Sources */,
				0F5018482974701B00B4F424 /* FireImageModel.swift in Sources */,
				0F1FF71229571123009CB2B1 /* PlaceholderStyle.swift in Sources */,
				0FAEE59229031AC000B3CBED /* MessengerApp.swift in Sources */,
				0FAEE5B02903218500B3CBED /* LoginScreen.swift in Sources */,
			);
			runOnlyForDeploymentPostprocessing = 0;
		};
/* End PBXSourcesBuildPhase section */

/* Begin XCBuildConfiguration section */
		0FAEE59A29031AC000B3CBED /* Debug */ = {
			isa = XCBuildConfiguration;
			buildSettings = {
				ALWAYS_SEARCH_USER_PATHS = NO;
				CLANG_ANALYZER_NONNULL = YES;
				CLANG_ANALYZER_NUMBER_OBJECT_CONVERSION = YES_AGGRESSIVE;
				CLANG_CXX_LANGUAGE_STANDARD = "gnu++20";
				CLANG_ENABLE_MODULES = YES;
				CLANG_ENABLE_OBJC_ARC = YES;
				CLANG_ENABLE_OBJC_WEAK = YES;
				CLANG_WARN_BLOCK_CAPTURE_AUTORELEASING = YES;
				CLANG_WARN_BOOL_CONVERSION = YES;
				CLANG_WARN_COMMA = YES;
				CLANG_WARN_CONSTANT_CONVERSION = YES;
				CLANG_WARN_DEPRECATED_OBJC_IMPLEMENTATIONS = YES;
				CLANG_WARN_DIRECT_OBJC_ISA_USAGE = YES_ERROR;
				CLANG_WARN_DOCUMENTATION_COMMENTS = YES;
				CLANG_WARN_EMPTY_BODY = YES;
				CLANG_WARN_ENUM_CONVERSION = YES;
				CLANG_WARN_INFINITE_RECURSION = YES;
				CLANG_WARN_INT_CONVERSION = YES;
				CLANG_WARN_NON_LITERAL_NULL_CONVERSION = YES;
				CLANG_WARN_OBJC_IMPLICIT_RETAIN_SELF = YES;
				CLANG_WARN_OBJC_LITERAL_CONVERSION = YES;
				CLANG_WARN_OBJC_ROOT_CLASS = YES_ERROR;
				CLANG_WARN_QUOTED_INCLUDE_IN_FRAMEWORK_HEADER = YES;
				CLANG_WARN_RANGE_LOOP_ANALYSIS = YES;
				CLANG_WARN_STRICT_PROTOTYPES = YES;
				CLANG_WARN_SUSPICIOUS_MOVE = YES;
				CLANG_WARN_UNGUARDED_AVAILABILITY = YES_AGGRESSIVE;
				CLANG_WARN_UNREACHABLE_CODE = YES;
				CLANG_WARN__DUPLICATE_METHOD_MATCH = YES;
				COPY_PHASE_STRIP = NO;
				DEBUG_INFORMATION_FORMAT = dwarf;
				ENABLE_STRICT_OBJC_MSGSEND = YES;
				ENABLE_TESTABILITY = YES;
				GCC_C_LANGUAGE_STANDARD = gnu11;
				GCC_DYNAMIC_NO_PIC = NO;
				GCC_NO_COMMON_BLOCKS = YES;
				GCC_OPTIMIZATION_LEVEL = 0;
				GCC_PREPROCESSOR_DEFINITIONS = (
					"DEBUG=1",
					"$(inherited)",
				);
				GCC_WARN_64_TO_32_BIT_CONVERSION = YES;
				GCC_WARN_ABOUT_RETURN_TYPE = YES_ERROR;
				GCC_WARN_UNDECLARED_SELECTOR = YES;
				GCC_WARN_UNINITIALIZED_AUTOS = YES_AGGRESSIVE;
				GCC_WARN_UNUSED_FUNCTION = YES;
				GCC_WARN_UNUSED_VARIABLE = YES;
				IPHONEOS_DEPLOYMENT_TARGET = 16.0;
				MTL_ENABLE_DEBUG_INFO = INCLUDE_SOURCE;
				MTL_FAST_MATH = YES;
				ONLY_ACTIVE_ARCH = YES;
				SDKROOT = iphoneos;
				SWIFT_ACTIVE_COMPILATION_CONDITIONS = DEBUG;
				SWIFT_OPTIMIZATION_LEVEL = "-Onone";
			};
			name = Debug;
		};
		0FAEE59B29031AC000B3CBED /* Release */ = {
			isa = XCBuildConfiguration;
			buildSettings = {
				ALWAYS_SEARCH_USER_PATHS = NO;
				CLANG_ANALYZER_NONNULL = YES;
				CLANG_ANALYZER_NUMBER_OBJECT_CONVERSION = YES_AGGRESSIVE;
				CLANG_CXX_LANGUAGE_STANDARD = "gnu++20";
				CLANG_ENABLE_MODULES = YES;
				CLANG_ENABLE_OBJC_ARC = YES;
				CLANG_ENABLE_OBJC_WEAK = YES;
				CLANG_WARN_BLOCK_CAPTURE_AUTORELEASING = YES;
				CLANG_WARN_BOOL_CONVERSION = YES;
				CLANG_WARN_COMMA = YES;
				CLANG_WARN_CONSTANT_CONVERSION = YES;
				CLANG_WARN_DEPRECATED_OBJC_IMPLEMENTATIONS = YES;
				CLANG_WARN_DIRECT_OBJC_ISA_USAGE = YES_ERROR;
				CLANG_WARN_DOCUMENTATION_COMMENTS = YES;
				CLANG_WARN_EMPTY_BODY = YES;
				CLANG_WARN_ENUM_CONVERSION = YES;
				CLANG_WARN_INFINITE_RECURSION = YES;
				CLANG_WARN_INT_CONVERSION = YES;
				CLANG_WARN_NON_LITERAL_NULL_CONVERSION = YES;
				CLANG_WARN_OBJC_IMPLICIT_RETAIN_SELF = YES;
				CLANG_WARN_OBJC_LITERAL_CONVERSION = YES;
				CLANG_WARN_OBJC_ROOT_CLASS = YES_ERROR;
				CLANG_WARN_QUOTED_INCLUDE_IN_FRAMEWORK_HEADER = YES;
				CLANG_WARN_RANGE_LOOP_ANALYSIS = YES;
				CLANG_WARN_STRICT_PROTOTYPES = YES;
				CLANG_WARN_SUSPICIOUS_MOVE = YES;
				CLANG_WARN_UNGUARDED_AVAILABILITY = YES_AGGRESSIVE;
				CLANG_WARN_UNREACHABLE_CODE = YES;
				CLANG_WARN__DUPLICATE_METHOD_MATCH = YES;
				COPY_PHASE_STRIP = NO;
				DEBUG_INFORMATION_FORMAT = "dwarf-with-dsym";
				ENABLE_NS_ASSERTIONS = NO;
				ENABLE_STRICT_OBJC_MSGSEND = YES;
				GCC_C_LANGUAGE_STANDARD = gnu11;
				GCC_NO_COMMON_BLOCKS = YES;
				GCC_WARN_64_TO_32_BIT_CONVERSION = YES;
				GCC_WARN_ABOUT_RETURN_TYPE = YES_ERROR;
				GCC_WARN_UNDECLARED_SELECTOR = YES;
				GCC_WARN_UNINITIALIZED_AUTOS = YES_AGGRESSIVE;
				GCC_WARN_UNUSED_FUNCTION = YES;
				GCC_WARN_UNUSED_VARIABLE = YES;
				IPHONEOS_DEPLOYMENT_TARGET = 16.0;
				MTL_ENABLE_DEBUG_INFO = NO;
				MTL_FAST_MATH = YES;
				SDKROOT = iphoneos;
				SWIFT_COMPILATION_MODE = wholemodule;
				SWIFT_OPTIMIZATION_LEVEL = "-O";
				VALIDATE_PRODUCT = YES;
			};
			name = Release;
		};
		0FAEE59D29031AC000B3CBED /* Debug */ = {
			isa = XCBuildConfiguration;
			baseConfigurationReference = 07379E65E740C3AC7FA3D44A /* Pods-Messenger.debug.xcconfig */;
			buildSettings = {
				ASSETCATALOG_COMPILER_APPICON_NAME = AppIcon;
				"ASSETCATALOG_COMPILER_APPICON_NAME[sdk=iphoneos*]" = AppIcon;
				ASSETCATALOG_COMPILER_GLOBAL_ACCENT_COLOR_NAME = AccentColor;
				ASSETCATALOG_COMPILER_INCLUDE_ALL_APPICON_ASSETS = YES;
				CODE_SIGN_STYLE = Automatic;
				CURRENT_PROJECT_VERSION = 1;
				DEVELOPMENT_ASSET_PATHS = "\"Messenger/Preview Content\"";
				DEVELOPMENT_TEAM = 478RTL6G2K;
				ENABLE_PREVIEWS = YES;
				GENERATE_INFOPLIST_FILE = YES;
				INFOPLIST_FILE = Messenger/Info.plist;
				INFOPLIST_KEY_UIApplicationSceneManifest_Generation = YES;
				INFOPLIST_KEY_UIApplicationSupportsIndirectInputEvents = YES;
				INFOPLIST_KEY_UIStatusBarStyle = "";
				INFOPLIST_KEY_UISupportedInterfaceOrientations_iPad = "UIInterfaceOrientationPortrait UIInterfaceOrientationPortraitUpsideDown UIInterfaceOrientationLandscapeLeft UIInterfaceOrientationLandscapeRight";
				INFOPLIST_KEY_UISupportedInterfaceOrientations_iPhone = "UIInterfaceOrientationPortrait UIInterfaceOrientationLandscapeLeft UIInterfaceOrientationLandscapeRight";
				LD_RUNPATH_SEARCH_PATHS = (
					"$(inherited)",
					"@executable_path/Frameworks",
				);
				MARKETING_VERSION = 1.0;
				PRODUCT_BUNDLE_IDENTIFIER = swift.Messenger;
				PRODUCT_NAME = "$(TARGET_NAME)";
				SWIFT_EMIT_LOC_STRINGS = YES;
				SWIFT_VERSION = 5.0;
				TARGETED_DEVICE_FAMILY = "1,2";
			};
			name = Debug;
		};
		0FAEE59E29031AC000B3CBED /* Release */ = {
			isa = XCBuildConfiguration;
			baseConfigurationReference = E58A04C2B247115CEDE4B489 /* Pods-Messenger.release.xcconfig */;
			buildSettings = {
				ASSETCATALOG_COMPILER_APPICON_NAME = AppIcon;
				"ASSETCATALOG_COMPILER_APPICON_NAME[sdk=iphoneos*]" = AppIcon;
				ASSETCATALOG_COMPILER_GLOBAL_ACCENT_COLOR_NAME = AccentColor;
				ASSETCATALOG_COMPILER_INCLUDE_ALL_APPICON_ASSETS = YES;
				CODE_SIGN_STYLE = Automatic;
				CURRENT_PROJECT_VERSION = 1;
				DEVELOPMENT_ASSET_PATHS = "\"Messenger/Preview Content\"";
				DEVELOPMENT_TEAM = 478RTL6G2K;
				ENABLE_PREVIEWS = YES;
				GENERATE_INFOPLIST_FILE = YES;
				INFOPLIST_FILE = Messenger/Info.plist;
				INFOPLIST_KEY_UIApplicationSceneManifest_Generation = YES;
				INFOPLIST_KEY_UIApplicationSupportsIndirectInputEvents = YES;
				INFOPLIST_KEY_UIStatusBarStyle = "";
				INFOPLIST_KEY_UISupportedInterfaceOrientations_iPad = "UIInterfaceOrientationPortrait UIInterfaceOrientationPortraitUpsideDown UIInterfaceOrientationLandscapeLeft UIInterfaceOrientationLandscapeRight";
				INFOPLIST_KEY_UISupportedInterfaceOrientations_iPhone = "UIInterfaceOrientationPortrait UIInterfaceOrientationLandscapeLeft UIInterfaceOrientationLandscapeRight";
				LD_RUNPATH_SEARCH_PATHS = (
					"$(inherited)",
					"@executable_path/Frameworks",
				);
				MARKETING_VERSION = 1.0;
				PRODUCT_BUNDLE_IDENTIFIER = swift.Messenger;
				PRODUCT_NAME = "$(TARGET_NAME)";
				SWIFT_EMIT_LOC_STRINGS = YES;
				SWIFT_VERSION = 5.0;
				TARGETED_DEVICE_FAMILY = "1,2";
			};
			name = Release;
		};
/* End XCBuildConfiguration section */

/* Begin XCConfigurationList section */
		0FAEE58929031AC000B3CBED /* Build configuration list for PBXProject "Messenger" */ = {
			isa = XCConfigurationList;
			buildConfigurations = (
				0FAEE59A29031AC000B3CBED /* Debug */,
				0FAEE59B29031AC000B3CBED /* Release */,
			);
			defaultConfigurationIsVisible = 0;
			defaultConfigurationName = Release;
		};
		0FAEE59C29031AC000B3CBED /* Build configuration list for PBXNativeTarget "Messenger" */ = {
			isa = XCConfigurationList;
			buildConfigurations = (
				0FAEE59D29031AC000B3CBED /* Debug */,
				0FAEE59E29031AC000B3CBED /* Release */,
			);
			defaultConfigurationIsVisible = 0;
			defaultConfigurationName = Release;
		};
/* End XCConfigurationList section */

/* Begin XCRemoteSwiftPackageReference section */
		0F1378F62968A3F400FE70E7 /* XCRemoteSwiftPackageReference "firebase-ios-sdk" */ = {
			isa = XCRemoteSwiftPackageReference;
			repositoryURL = "https://github.com/firebase/firebase-ios-sdk";
			requirement = {
				kind = upToNextMajorVersion;
				minimumVersion = 9.0.0;
			};
		};
		0F50184929748CCC00B4F424 /* XCRemoteSwiftPackageReference "swiftui-image-viewer" */ = {
			isa = XCRemoteSwiftPackageReference;
			repositoryURL = "https://github.com/Jake-Short/swiftui-image-viewer.git";
			requirement = {
				kind = upToNextMajorVersion;
				minimumVersion = 2.0.0;
			};
		};
/* End XCRemoteSwiftPackageReference section */

/* Begin XCSwiftPackageProductDependency section */
		0F1378F72968A3F400FE70E7 /* FirebaseAuth */ = {
			isa = XCSwiftPackageProductDependency;
			package = 0F1378F62968A3F400FE70E7 /* XCRemoteSwiftPackageReference "firebase-ios-sdk" */;
			productName = FirebaseAuth;
		};
		0F1378F92968A3F400FE70E7 /* FirebaseDatabase */ = {
			isa = XCSwiftPackageProductDependency;
			package = 0F1378F62968A3F400FE70E7 /* XCRemoteSwiftPackageReference "firebase-ios-sdk" */;
			productName = FirebaseDatabase;
		};
		0F1378FB2968A3F400FE70E7 /* FirebaseFirestore */ = {
			isa = XCSwiftPackageProductDependency;
			package = 0F1378F62968A3F400FE70E7 /* XCRemoteSwiftPackageReference "firebase-ios-sdk" */;
			productName = FirebaseFirestore;
		};
		0F1378FD2968A3F400FE70E7 /* FirebaseStorage */ = {
			isa = XCSwiftPackageProductDependency;
			package = 0F1378F62968A3F400FE70E7 /* XCRemoteSwiftPackageReference "firebase-ios-sdk" */;
			productName = FirebaseStorage;
		};
		0F50184A29748CCC00B4F424 /* ImageViewer */ = {
			isa = XCSwiftPackageProductDependency;
			package = 0F50184929748CCC00B4F424 /* XCRemoteSwiftPackageReference "swiftui-image-viewer" */;
			productName = ImageViewer;
		};
/* End XCSwiftPackageProductDependency section */
	};
	rootObject = 0FAEE58629031AC000B3CBED /* Project object */;
}
